
Microsoft Visual Studio Solution File, Format Version 12.00
# Visual Studio Version 17
VisualStudioVersion = 17.0.31903.59
MinimumVisualStudioVersion = 10.0.40219.1
Project("{FAE04EC0-301F-11D3-BF4B-00C04F79EFBC}") = "Miski.Api", "Miski.Api.csproj", "{830D31D8-3B0F-4FC4-9ED6-335D92F7230B}"
EndProject
Project("{FAE04EC0-301F-11D3-BF4B-00C04F79EFBC}") = "Miski.Domain", "Miski.Domain\Miski.Domain.csproj", "{B7835A40-0EE1-41FE-957E-E36B81DEFAC2}"
EndProject
Project("{FAE04EC0-301F-11D3-BF4B-00C04F79EFBC}") = "Miski.Application", "Miski.Application\Miski.Application.csproj", "{DD172D6B-7DD6-4FDC-A13B-3A10A97AFBCC}"
EndProject
Project("{FAE04EC0-301F-11D3-BF4B-00C04F79EFBC}") = "Miski.Infrastructure", "Miski.Infrastructure\Miski.Infrastructure.csproj", "{1530F4C5-CAB3-449E-90FE-722C3E384FF5}"
EndProject
Project("{FAE04EC0-301F-11D3-BF4B-00C04F79EFBC}") = "Miski.Shared", "Miski.Shared\Miski.Shared.csproj", "{6ADFE96B-C108-412A-9C13-F51E88BE522A}"
EndProject
Global
	GlobalSection(SolutionConfigurationPlatforms) = preSolution
		Debug|Any CPU = Debug|Any CPU
		Debug|x64 = Debug|x64
		Debug|x86 = Debug|x86
		Release|Any CPU = Release|Any CPU
		Release|x64 = Release|x64
		Release|x86 = Release|x86
	EndGlobalSection
	GlobalSection(ProjectConfigurationPlatforms) = postSolution
		{830D31D8-3B0F-4FC4-9ED6-335D92F7230B}.Debug|Any CPU.ActiveCfg = Debug|Any CPU
		{830D31D8-3B0F-4FC4-9ED6-335D92F7230B}.Debug|Any CPU.Build.0 = Debug|Any CPU
		{830D31D8-3B0F-4FC4-9ED6-335D92F7230B}.Debug|x64.ActiveCfg = Debug|Any CPU
		{830D31D8-3B0F-4FC4-9ED6-335D92F7230B}.Debug|x64.Build.0 = Debug|Any CPU
		{830D31D8-3B0F-4FC4-9ED6-335D92F7230B}.Debug|x86.ActiveCfg = Debug|Any CPU
		{830D31D8-3B0F-4FC4-9ED6-335D92F7230B}.Debug|x86.Build.0 = Debug|Any CPU
		{830D31D8-3B0F-4FC4-9ED6-335D92F7230B}.Release|Any CPU.ActiveCfg = Release|Any CPU
		{830D31D8-3B0F-4FC4-9ED6-335D92F7230B}.Release|Any CPU.Build.0 = Release|Any CPU
		{830D31D8-3B0F-4FC4-9ED6-335D92F7230B}.Release|x64.ActiveCfg = Release|Any CPU
		{830D31D8-3B0F-4FC4-9ED6-335D92F7230B}.Release|x64.Build.0 = Release|Any CPU
		{830D31D8-3B0F-4FC4-9ED6-335D92F7230B}.Release|x86.ActiveCfg = Release|Any CPU
		{830D31D8-3B0F-4FC4-9ED6-335D92F7230B}.Release|x86.Build.0 = Release|Any CPU
		{B7835A40-0EE1-41FE-957E-E36B81DEFAC2}.Debug|Any CPU.ActiveCfg = Debug|Any CPU
		{B7835A40-0EE1-41FE-957E-E36B81DEFAC2}.Debug|Any CPU.Build.0 = Debug|Any CPU
		{B7835A40-0EE1-41FE-957E-E36B81DEFAC2}.Debug|x64.ActiveCfg = Debug|Any CPU
		{B7835A40-0EE1-41FE-957E-E36B81DEFAC2}.Debug|x64.Build.0 = Debug|Any CPU
		{B7835A40-0EE1-41FE-957E-E36B81DEFAC2}.Debug|x86.ActiveCfg = Debug|Any CPU
		{B7835A40-0EE1-41FE-957E-E36B81DEFAC2}.Debug|x86.Build.0 = Debug|Any CPU
		{B7835A40-0EE1-41FE-957E-E36B81DEFAC2}.Release|Any CPU.ActiveCfg = Release|Any CPU
		{B7835A40-0EE1-41FE-957E-E36B81DEFAC2}.Release|Any CPU.Build.0 = Release|Any CPU
		{B7835A40-0EE1-41FE-957E-E36B81DEFAC2}.Release|x64.ActiveCfg = Release|Any CPU
		{B7835A40-0EE1-41FE-957E-E36B81DEFAC2}.Release|x64.Build.0 = Release|Any CPU
		{B7835A40-0EE1-41FE-957E-E36B81DEFAC2}.Release|x86.ActiveCfg = Release|Any CPU
		{B7835A40-0EE1-41FE-957E-E36B81DEFAC2}.Release|x86.Build.0 = Release|Any CPU
		{DD172D6B-7DD6-4FDC-A13B-3A10A97AFBCC}.Debug|Any CPU.ActiveCfg = Debug|Any CPU
		{DD172D6B-7DD6-4FDC-A13B-3A10A97AFBCC}.Debug|Any CPU.Build.0 = Debug|Any CPU
		{DD172D6B-7DD6-4FDC-A13B-3A10A97AFBCC}.Debug|x64.ActiveCfg = Debug|Any CPU
		{DD172D6B-7DD6-4FDC-A13B-3A10A97AFBCC}.Debug|x64.Build.0 = Debug|Any CPU
		{DD172D6B-7DD6-4FDC-A13B-3A10A97AFBCC}.Debug|x86.ActiveCfg = Debug|Any CPU
		{DD172D6B-7DD6-4FDC-A13B-3A10A97AFBCC}.Debug|x86.Build.0 = Debug|Any CPU
		{DD172D6B-7DD6-4FDC-A13B-3A10A97AFBCC}.Release|Any CPU.ActiveCfg = Release|Any CPU
		{DD172D6B-7DD6-4FDC-A13B-3A10A97AFBCC}.Release|Any CPU.Build.0 = Release|Any CPU
		{DD172D6B-7DD6-4FDC-A13B-3A10A97AFBCC}.Release|x64.ActiveCfg = Release|Any CPU
		{DD172D6B-7DD6-4FDC-A13B-3A10A97AFBCC}.Release|x64.Build.0 = Release|Any CPU
		{DD172D6B-7DD6-4FDC-A13B-3A10A97AFBCC}.Release|x86.ActiveCfg = Release|Any CPU
		{DD172D6B-7DD6-4FDC-A13B-3A10A97AFBCC}.Release|x86.Build.0 = Release|Any CPU
		{1530F4C5-CAB3-449E-90FE-722C3E384FF5}.Debug|Any CPU.ActiveCfg = Debug|Any CPU
		{1530F4C5-CAB3-449E-90FE-722C3E384FF5}.Debug|Any CPU.Build.0 = Debug|Any CPU
		{1530F4C5-CAB3-449E-90FE-722C3E384FF5}.Debug|x64.ActiveCfg = Debug|Any CPU
		{1530F4C5-CAB3-449E-90FE-722C3E384FF5}.Debug|x64.Build.0 = Debug|Any CPU
		{1530F4C5-CAB3-449E-90FE-722C3E384FF5}.Debug|x86.ActiveCfg = Debug|Any CPU
		{1530F4C5-CAB3-449E-90FE-722C3E384FF5}.Debug|x86.Build.0 = Debug|Any CPU
		{1530F4C5-CAB3-449E-90FE-722C3E384FF5}.Release|Any CPU.ActiveCfg = Release|Any CPU
		{1530F4C5-CAB3-449E-90FE-722C3E384FF5}.Release|Any CPU.Build.0 = Release|Any CPU
		{1530F4C5-CAB3-449E-90FE-722C3E384FF5}.Release|x64.ActiveCfg = Release|Any CPU
		{1530F4C5-CAB3-449E-90FE-722C3E384FF5}.Release|x64.Build.0 = Release|Any CPU
		{1530F4C5-CAB3-449E-90FE-722C3E384FF5}.Release|x86.ActiveCfg = Release|Any CPU
		{1530F4C5-CAB3-449E-90FE-722C3E384FF5}.Release|x86.Build.0 = Release|Any CPU
		{6ADFE96B-C108-412A-9C13-F51E88BE522A}.Debug|Any CPU.ActiveCfg = Debug|Any CPU
		{6ADFE96B-C108-412A-9C13-F51E88BE522A}.Debug|Any CPU.Build.0 = Debug|Any CPU
		{6ADFE96B-C108-412A-9C13-F51E88BE522A}.Debug|x64.ActiveCfg = Debug|Any CPU
		{6ADFE96B-C108-412A-9C13-F51E88BE522A}.Debug|x64.Build.0 = Debug|Any CPU
		{6ADFE96B-C108-412A-9C13-F51E88BE522A}.Debug|x86.ActiveCfg = Debug|Any CPU
		{6ADFE96B-C108-412A-9C13-F51E88BE522A}.Debug|x86.Build.0 = Debug|Any CPU
		{6ADFE96B-C108-412A-9C13-F51E88BE522A}.Release|Any CPU.ActiveCfg = Release|Any CPU
		{6ADFE96B-C108-412A-9C13-F51E88BE522A}.Release|Any CPU.Build.0 = Release|Any CPU
		{6ADFE96B-C108-412A-9C13-F51E88BE522A}.Release|x64.ActiveCfg = Release|Any CPU
		{6ADFE96B-C108-412A-9C13-F51E88BE522A}.Release|x64.Build.0 = Release|Any CPU
		{6ADFE96B-C108-412A-9C13-F51E88BE522A}.Release|x86.ActiveCfg = Release|Any CPU
		{6ADFE96B-C108-412A-9C13-F51E88BE522A}.Release|x86.Build.0 = Release|Any CPU
	EndGlobalSection
	GlobalSection(SolutionProperties) = preSolution
		HideSolutionNode = FALSE
	EndGlobalSection
EndGlobal
